{
  "name": "definy-sample",
  "version": "1.0.0",
  "lockfileVersion": 1,
  "requires": true,
  "dependencies": {
    "@types/node": {
      "version": "14.11.2",
      "resolved": "https://registry.npmjs.org/@types/node/-/node-14.11.2.tgz",
      "integrity": "sha512-jiE3QIxJ8JLNcb1Ps6rDbysDhN4xa8DJJvuC9prr6w+1tIh+QAbYyNF3tyiZNLDBIuBCf4KEcV2UvQm/V60xfA==",
      "dev": true
    },
    "@types/prettier": {
      "version": "2.1.1",
      "resolved": "https://registry.npmjs.org/@types/prettier/-/prettier-2.1.1.tgz",
      "integrity": "sha512-2zs+O+UkDsJ1Vcp667pd3f8xearMdopz/z54i99wtRDI5KLmngk7vlrYZD0ZjKHaROR03EznlBbVY9PfAEyJIQ==",
      "dev": true
    },
    "definy-core": {
      "version": "0.2.7",
      "resolved": "https://registry.npmjs.org/definy-core/-/definy-core-0.2.7.tgz",
      "integrity": "sha512-FbL1u1z0/LHiS26HKSkL/4+vyjdVqiFVHCd9YIyZd4Eit9x6nuIN1MornRYWjkBdEd+Wh3OOvYgitjYdkChvZA==",
      "dev": true,
      "requires": {
        "elm-code-generator": "0.0.1",
        "js-ts-code-generator": "0.3.3"
      }
    },
    "elm-code-generator": {
      "version": "0.0.1",
      "resolved": "https://registry.npmjs.org/elm-code-generator/-/elm-code-generator-0.0.1.tgz",
      "integrity": "sha512-wqRvEs7cdR3DkHcI2q22mCmZAH6rrLukSMdm4oGxGTOxugBjkOUbRFV7UmfmVxwgJQ774yVV3zhUj6A9t7rm4Q==",
      "dev": true
    },
    "js-ts-code-generator": {
      "version": "0.3.3",
      "resolved": "https://registry.npmjs.org/js-ts-code-generator/-/js-ts-code-generator-0.3.3.tgz",
      "integrity": "sha512-pYuxvbpv+9oyaYgWoKaR0k4wIJRzmCjeRaiNT1wpnXIqdbKAQJ7vQv4xP1ojSN10134DaneJSxoOukew/mzXWQ==",
      "dev": true
    },
    "prettier": {
      "version": "2.1.2",
      "resolved": "https://registry.npmjs.org/prettier/-/prettier-2.1.2.tgz",
      "integrity": "sha512-16c7K+x4qVlJg9rEbXl7HEGmQyZlG4R9AgP+oHKRMsMsuk8s+ATStlf1NpDqyBI1HpVyfjLOeMhH2LvuNvV5Vg==",
      "dev": true
    },
    "typescript": {
      "version": "4.0.3",
      "resolved": "https://registry.npmjs.org/typescript/-/typescript-4.0.3.tgz",
      "integrity": "sha512-tEu6DGxGgRJPb/mVPIZ48e69xCn2yRmCgYmDugAVwmJ6o+0u1RI18eO7E7WBTLYLaEVVOhwQmcdhQHweux/WPg==",
      "dev": true
    }
  }
}
