{
  "name": "definy-sample",
  "version": "1.0.0",
  "lockfileVersion": 1,
  "requires": true,
  "dependencies": {
    "@types/node": {
      "version": "14.11.2",
      "resolved": "https://registry.npmjs.org/@types/node/-/node-14.11.2.tgz",
      "integrity": "sha512-jiE3QIxJ8JLNcb1Ps6rDbysDhN4xa8DJJvuC9prr6w+1tIh+QAbYyNF3tyiZNLDBIuBCf4KEcV2UvQm/V60xfA==",
      "dev": true
    },
    "@types/prettier": {
      "version": "2.1.1",
      "resolved": "https://registry.npmjs.org/@types/prettier/-/prettier-2.1.1.tgz",
      "integrity": "sha512-2zs+O+UkDsJ1Vcp667pd3f8xearMdopz/z54i99wtRDI5KLmngk7vlrYZD0ZjKHaROR03EznlBbVY9PfAEyJIQ==",
      "dev": true
    },
    "definy-core": {
      "version": "0.2.3",
      "resolved": "https://registry.npmjs.org/definy-core/-/definy-core-0.2.3.tgz",
      "integrity": "sha512-1avu4SfUDVaa0jIE7mpxP9P0JyENz7YtjzcjLtWfYqyI3u/2vWgMJ2v0SPp+azepFdBu3h4/v/uU4fldvEbBtA==",
      "dev": true,
      "requires": {
        "js-ts-code-generator": "0.3.2"
      }
    },
    "js-ts-code-generator": {
      "version": "0.3.2",
      "resolved": "https://registry.npmjs.org/js-ts-code-generator/-/js-ts-code-generator-0.3.2.tgz",
      "integrity": "sha512-XYv/w3qDCR70mpfSh9smM6wngxLLO2mOoUbYhSdMxG+zXxVEFAG0yaKtetMaVdUd9RTR2RePoABcZPoZRfFemw==",
      "dev": true
    },
    "prettier": {
      "version": "2.1.2",
      "resolved": "https://registry.npmjs.org/prettier/-/prettier-2.1.2.tgz",
      "integrity": "sha512-16c7K+x4qVlJg9rEbXl7HEGmQyZlG4R9AgP+oHKRMsMsuk8s+ATStlf1NpDqyBI1HpVyfjLOeMhH2LvuNvV5Vg==",
      "dev": true
    },
    "typescript": {
      "version": "4.1.2",
      "resolved": "https://registry.npmjs.org/typescript/-/typescript-4.1.2.tgz",
      "integrity": "sha512-thGloWsGH3SOxv1SoY7QojKi0tc+8FnOmiarEGMbd/lar7QOEd3hvlx3Fp5y6FlDUGl9L+pd4n2e+oToGMmhRQ==",
      "dev": true
    }
  }
}
