{
  "name": "definy-sample",
  "version": "1.0.0",
  "lockfileVersion": 1,
  "requires": true,
  "dependencies": {
    "@types/node": {
      "version": "14.14.22",
      "resolved": "https://registry.npmjs.org/@types/node/-/node-14.14.22.tgz",
      "integrity": "sha512-g+f/qj/cNcqKkc3tFqlXOYjrmZA+jNBiDzbP3kH+B+otKFqAdPgVTGP1IeKRdMml/aE69as5S4FqtxAbl+LaMw==",
      "dev": true
    },
    "@types/prettier": {
      "version": "2.1.6",
      "resolved": "https://registry.npmjs.org/@types/prettier/-/prettier-2.1.6.tgz",
      "integrity": "sha512-6gOkRe7OIioWAXfnO/2lFiv+SJichKVSys1mSsgyrYHSEjk8Ctv4tSR/Odvnu+HWlH2C8j53dahU03XmQdd5fA==",
      "dev": true
    },
    "definy-core": {
      "version": "0.2.14",
      "resolved": "https://registry.npmjs.org/definy-core/-/definy-core-0.2.14.tgz",
      "integrity": "sha512-AhX4MoEeRMl4OKPgHTqioMPtQjbMN64wR4j8xiSyAfHZtYA7vGjxZrdXgBoQ01QblXFwqr5+mv8eBM2ejQDaOw==",
      "dev": true,
      "requires": {
        "elm-code-generator": "0.0.1",
        "js-ts-code-generator": "0.3.4"
      }
    },
    "elm-code-generator": {
      "version": "0.0.1",
      "resolved": "https://registry.npmjs.org/elm-code-generator/-/elm-code-generator-0.0.1.tgz",
      "integrity": "sha512-wqRvEs7cdR3DkHcI2q22mCmZAH6rrLukSMdm4oGxGTOxugBjkOUbRFV7UmfmVxwgJQ774yVV3zhUj6A9t7rm4Q==",
      "dev": true
    },
    "js-ts-code-generator": {
      "version": "0.3.4",
      "resolved": "https://registry.npmjs.org/js-ts-code-generator/-/js-ts-code-generator-0.3.4.tgz",
      "integrity": "sha512-YKIh0nw1ufiTTHChE5bbn0tBq6Dcb3YICChqJoOvIjChI/Jfp9VEqMGAmcmlOcOexRONhm5ZW4x6TMt5Fj5lYA==",
      "dev": true
    },
    "prettier": {
      "version": "2.2.1",
      "resolved": "https://registry.npmjs.org/prettier/-/prettier-2.2.1.tgz",
      "integrity": "sha512-PqyhM2yCjg/oKkFPtTGUojv7gnZAoG80ttl45O6x2Ug/rMJw4wcc9k6aaf2hibP7BGVCCM33gZoGjyvt9mm16Q==",
      "dev": true
    },
    "typescript": {
      "version": "4.1.4",
      "resolved": "https://registry.npmjs.org/typescript/-/typescript-4.1.4.tgz",
      "integrity": "sha512-+Uru0t8qIRgjuCpiSPpfGuhHecMllk5Zsazj5LZvVsEStEjmIRRBZe+jHjGQvsgS7M1wONy2PQXd67EMyV6acg==",
      "dev": true
    }
  }
}
